---
# tasks file for roles/unbound
- name: Install git
  community.general.openbsd_pkg:
    name: git
    state: present

- name: Increase unbound timeout
  ansible.builtin.lineinfile:
    path: /etc/rc.conf.local
    regexp: "^unbound_timeout=.*"
    line: "unbound_timeout=240"

- name: Check for dnsblockbuster
  ansible.builtin.stat:
    path: /var/unbound/dnsblockbuster
  register: dnsblockbuster

- name: Pull dnsblockbuster
  ansible.builtin.git:
    repo: https://codeberg.org/unixsheikh/dnsblockbuster.git
    dest: /var/unbound/dnsblockbuster
    single_branch: true
    version: main
    depth: 1
  when: not dnsblockbuster.stat.exists

- name: Update custom adlists
  ansible.builtin.template:
    src: templates/online-hosts-files.txt.j2
    dest: /var/unbound/dnsblockbuster/online-hosts-files.txt
    owner: root
    group: wheel
    mode: 0644

- name: Add custom blocklist
  block:
  - name: Assert blocklist is defined
    ansible.builtin.assert:
      that:
        - unbound_blocklist_loc is defined
  - name: Copy blocklist file
    ansible.builtin.copy:
      src: "{{ unbound_blocklist_loc }}"
      dest: /var/unbound/dnsblockbuster/blocklist.txt
      owner: root
      group: wheel
      mode: 0644
  when: unbound_blocklist

- name: Add custom passlist
  block:
  - name: Assert passlist is defined
    ansible.builtin.assert:
      that:
        - unbound_passlist_loc is defined
  - name: Copy passlist file
    ansible.builtin.copy:
      src: "{{ unbound_passlist_loc }}"
      dest: /var/unbound/dnsblockbuster/passlist.txt
      owner: root
      group: wheel
      mode: 0644
  when: unbound_passlist

- name: Generate adlists
  ansible.builtin.command:
    cmd: ./dnsblockbuster
    chdir: /var/unbound/dnsblockbuster
  notify: Restart unbound
